// !$*UTF8*$!
{
	archiveVersion = 1;
	classes = {
	};
	objectVersion = 46;
	objects = {

/* Begin PBXBuildFile section */
		851B8F2A172A8313008FEC35 /* libprotobuf-lite.a in Frameworks */ = {isa = PBXBuildFile; fileRef = 8599F606172A683800E9E42E /* libprotobuf-lite.a */; };
		851B8F2B172A8316008FEC35 /* libprotobuf.a in Frameworks */ = {isa = PBXBuildFile; fileRef = 8599F607172A683800E9E42E /* libprotobuf.a */; };
		8588FE5D1715616A00699036 /* OwbClient-Info.plist in Resources */ = {isa = PBXBuildFile; fileRef = 8588FE5C1715616A00699036 /* OwbClient-Info.plist */; };
		8599F941172A683A00E9E42E /* plugin.proto in Resources */ = {isa = PBXBuildFile; fileRef = 8599F5E5172A683800E9E42E /* plugin.proto */; };
		8599F942172A683A00E9E42E /* descriptor.proto in Resources */ = {isa = PBXBuildFile; fileRef = 8599F5EA172A683800E9E42E /* descriptor.proto */; };
		85A5C896171E63F200003CC3 /* background.jpg in Resources */ = {isa = PBXBuildFile; fileRef = 85A5C892171E63F200003CC3 /* background.jpg */; };
		85A5C897171E63F200003CC3 /* create.png in Resources */ = {isa = PBXBuildFile; fileRef = 85A5C893171E63F200003CC3 /* create.png */; };
		85A5C898171E63F200003CC3 /* join.png in Resources */ = {isa = PBXBuildFile; fileRef = 85A5C894171E63F200003CC3 /* join.png */; };
		85A5C899171E63F200003CC3 /* login.png in Resources */ = {isa = PBXBuildFile; fileRef = 85A5C895171E63F200003CC3 /* login.png */; };
		85A5C8A1171E84FB00003CC3 /* createHighlight.png in Resources */ = {isa = PBXBuildFile; fileRef = 85A5C8A0171E84FB00003CC3 /* createHighlight.png */; };
		85D8CA2B172BAC23005EACE9 /* QuartzCore.framework in Frameworks */ = {isa = PBXBuildFile; fileRef = 85D8CA29172BAC08005EACE9 /* QuartzCore.framework */; };
		85D8CA3B172BD13A005EACE9 /* libOwbClient.a in Frameworks */ = {isa = PBXBuildFile; fileRef = 85D8CA36172BD0BF005EACE9 /* libOwbClient.a */; };
		85D8CA3E172BD204005EACE9 /* BoardModel.h in Sources */ = {isa = PBXBuildFile; fileRef = 85D8CA38172BD0D5005EACE9 /* BoardModel.h */; };
		85D8CA3F172BD204005EACE9 /* MessageModel.h in Sources */ = {isa = PBXBuildFile; fileRef = 85D8CA39172BD0D5005EACE9 /* MessageModel.h */; };
		85D8CA40172BD204005EACE9 /* ServerDelegate.h in Sources */ = {isa = PBXBuildFile; fileRef = 8599F586172A683800E9E42E /* ServerDelegate.h */; };
		85D8CA41172BD204005EACE9 /* message.pb.h in Sources */ = {isa = PBXBuildFile; fileRef = 8599F588172A683800E9E42E /* message.pb.h */; };
		85D8CA42172BD204005EACE9 /* common.h in Sources */ = {isa = PBXBuildFile; fileRef = 8599F58A172A683800E9E42E /* common.h */; };
		85D8CA43172BD204005EACE9 /* gflags.h in Sources */ = {isa = PBXBuildFile; fileRef = 8599F5D7172A683800E9E42E /* gflags.h */; };
		85D8CA44172BD204005EACE9 /* gflags_completions.h in Sources */ = {isa = PBXBuildFile; fileRef = 8599F5D8172A683800E9E42E /* gflags_completions.h */; };
		85D8CA45172BD204005EACE9 /* code_generator.h in Sources */ = {isa = PBXBuildFile; fileRef = 8599F5DB172A683800E9E42E /* code_generator.h */; };
		85D8CA46172BD204005EACE9 /* command_line_interface.h in Sources */ = {isa = PBXBuildFile; fileRef = 8599F5DC172A683800E9E42E /* command_line_interface.h */; };
		85D8CA47172BD204005EACE9 /* cpp_generator.h in Sources */ = {isa = PBXBuildFile; fileRef = 8599F5DE172A683800E9E42E /* cpp_generator.h */; };
		85D8CA48172BD204005EACE9 /* importer.h in Sources */ = {isa = PBXBuildFile; fileRef = 8599F5DF172A683800E9E42E /* importer.h */; };
		85D8CA49172BD204005EACE9 /* java_generator.h in Sources */ = {isa = PBXBuildFile; fileRef = 8599F5E1172A683800E9E42E /* java_generator.h */; };
		85D8CA4A172BD204005EACE9 /* parser.h in Sources */ = {isa = PBXBuildFile; fileRef = 8599F5E2172A683800E9E42E /* parser.h */; };
		85D8CA4B172BD204005EACE9 /* plugin.h in Sources */ = {isa = PBXBuildFile; fileRef = 8599F5E3172A683800E9E42E /* plugin.h */; };
		85D8CA4C172BD204005EACE9 /* plugin.pb.h in Sources */ = {isa = PBXBuildFile; fileRef = 8599F5E4172A683800E9E42E /* plugin.pb.h */; };
		85D8CA4D172BD204005EACE9 /* plugin.proto in Sources */ = {isa = PBXBuildFile; fileRef = 8599F5E5172A683800E9E42E /* plugin.proto */; };
		85D8CA4E172BD204005EACE9 /* python_generator.h in Sources */ = {isa = PBXBuildFile; fileRef = 8599F5E7172A683800E9E42E /* python_generator.h */; };
		85D8CA4F172BD204005EACE9 /* descriptor.h in Sources */ = {isa = PBXBuildFile; fileRef = 8599F5E8172A683800E9E42E /* descriptor.h */; };
		85D8CA50172BD204005EACE9 /* descriptor.pb.h in Sources */ = {isa = PBXBuildFile; fileRef = 8599F5E9172A683800E9E42E /* descriptor.pb.h */; };
		85D8CA51172BD204005EACE9 /* descriptor.proto in Sources */ = {isa = PBXBuildFile; fileRef = 8599F5EA172A683800E9E42E /* descriptor.proto */; };
		85D8CA52172BD204005EACE9 /* descriptor_database.h in Sources */ = {isa = PBXBuildFile; fileRef = 8599F5EB172A683800E9E42E /* descriptor_database.h */; };
		85D8CA53172BD204005EACE9 /* dynamic_message.h in Sources */ = {isa = PBXBuildFile; fileRef = 8599F5EC172A683800E9E42E /* dynamic_message.h */; };
		85D8CA54172BD204005EACE9 /* extension_set.h in Sources */ = {isa = PBXBuildFile; fileRef = 8599F5ED172A683800E9E42E /* extension_set.h */; };
		85D8CA55172BD204005EACE9 /* generated_message_reflection.h in Sources */ = {isa = PBXBuildFile; fileRef = 8599F5EE172A683800E9E42E /* generated_message_reflection.h */; };
		85D8CA56172BD204005EACE9 /* generated_message_util.h in Sources */ = {isa = PBXBuildFile; fileRef = 8599F5EF172A683800E9E42E /* generated_message_util.h */; };
		85D8CA57172BD204005EACE9 /* coded_stream.h in Sources */ = {isa = PBXBuildFile; fileRef = 8599F5F1172A683800E9E42E /* coded_stream.h */; };
		85D8CA58172BD204005EACE9 /* gzip_stream.h in Sources */ = {isa = PBXBuildFile; fileRef = 8599F5F2172A683800E9E42E /* gzip_stream.h */; };
		85D8CA59172BD204005EACE9 /* printer.h in Sources */ = {isa = PBXBuildFile; fileRef = 8599F5F3172A683800E9E42E /* printer.h */; };
		85D8CA5A172BD204005EACE9 /* tokenizer.h in Sources */ = {isa = PBXBuildFile; fileRef = 8599F5F4172A683800E9E42E /* tokenizer.h */; };
		85D8CA5B172BD204005EACE9 /* zero_copy_stream.h in Sources */ = {isa = PBXBuildFile; fileRef = 8599F5F5172A683800E9E42E /* zero_copy_stream.h */; };
		85D8CA5C172BD204005EACE9 /* zero_copy_stream_impl.h in Sources */ = {isa = PBXBuildFile; fileRef = 8599F5F6172A683800E9E42E /* zero_copy_stream_impl.h */; };
		85D8CA5D172BD204005EACE9 /* zero_copy_stream_impl_lite.h in Sources */ = {isa = PBXBuildFile; fileRef = 8599F5F7172A683800E9E42E /* zero_copy_stream_impl_lite.h */; };
		85D8CA5E172BD204005EACE9 /* message.h in Sources */ = {isa = PBXBuildFile; fileRef = 8599F5F8172A683800E9E42E /* message.h */; };
		85D8CA5F172BD204005EACE9 /* message_lite.h in Sources */ = {isa = PBXBuildFile; fileRef = 8599F5F9172A683800E9E42E /* message_lite.h */; };
		85D8CA60172BD204005EACE9 /* reflection_ops.h in Sources */ = {isa = PBXBuildFile; fileRef = 8599F5FA172A683800E9E42E /* reflection_ops.h */; };
		85D8CA61172BD204005EACE9 /* repeated_field.h in Sources */ = {isa = PBXBuildFile; fileRef = 8599F5FB172A683800E9E42E /* repeated_field.h */; };
		85D8CA62172BD204005EACE9 /* service.h in Sources */ = {isa = PBXBuildFile; fileRef = 8599F5FC172A683800E9E42E /* service.h */; };
		85D8CA63172BD204005EACE9 /* common.h in Sources */ = {isa = PBXBuildFile; fileRef = 8599F5FE172A683800E9E42E /* common.h */; };
		85D8CA64172BD204005EACE9 /* once.h in Sources */ = {isa = PBXBuildFile; fileRef = 8599F5FF172A683800E9E42E /* once.h */; };
		85D8CA65172BD204005EACE9 /* text_format.h in Sources */ = {isa = PBXBuildFile; fileRef = 8599F600172A683800E9E42E /* text_format.h */; };
		85D8CA66172BD204005EACE9 /* unknown_field_set.h in Sources */ = {isa = PBXBuildFile; fileRef = 8599F601172A683800E9E42E /* unknown_field_set.h */; };
		85D8CA67172BD204005EACE9 /* wire_format.h in Sources */ = {isa = PBXBuildFile; fileRef = 8599F602172A683800E9E42E /* wire_format.h */; };
		85D8CA68172BD204005EACE9 /* wire_format_lite.h in Sources */ = {isa = PBXBuildFile; fileRef = 8599F603172A683800E9E42E /* wire_format_lite.h */; };
		85D8CA69172BD204005EACE9 /* wire_format_lite_inl.h in Sources */ = {isa = PBXBuildFile; fileRef = 8599F604172A683800E9E42E /* wire_format_lite_inl.h */; };
		85D8CA6A172BD204005EACE9 /* libprotobuf-lite.a in Sources */ = {isa = PBXBuildFile; fileRef = 8599F606172A683800E9E42E /* libprotobuf-lite.a */; };
		85D8CA6B172BD204005EACE9 /* libprotobuf.a in Sources */ = {isa = PBXBuildFile; fileRef = 8599F607172A683800E9E42E /* libprotobuf.a */; };
		85D8CA6C172BD204005EACE9 /* ColorMaker.h in Sources */ = {isa = PBXBuildFile; fileRef = 85D8CA2E172BB488005EACE9 /* ColorMaker.h */; };
		85D8CA6D172BD204005EACE9 /* OperationQueue.h in Sources */ = {isa = PBXBuildFile; fileRef = 85D8CA3A172BD0FF005EACE9 /* OperationQueue.h */; };
		85D8CA6E172BD204005EACE9 /* Drawer.h in Sources */ = {isa = PBXBuildFile; fileRef = 85D8CA2F172BB488005EACE9 /* Drawer.h */; };
		85D8CA6F172BD204005EACE9 /* RefreshableList.h in Sources */ = {isa = PBXBuildFile; fileRef = 85D8CA31172BB488005EACE9 /* RefreshableList.h */; };
		85D8CA70172BD204005EACE9 /* SnapshotList.h in Sources */ = {isa = PBXBuildFile; fileRef = 85D8CA32172BB488005EACE9 /* SnapshotList.h */; };
		85D8CA71172BD204005EACE9 /* Canvas.h in Sources */ = {isa = PBXBuildFile; fileRef = 85D8CA33172BB49A005EACE9 /* Canvas.h */; };
		85D8CA72172BD204005EACE9 /* OwbClient-Prefix.pch in Sources */ = {isa = PBXBuildFile; fileRef = 8588FE5E171561A700699036 /* OwbClient-Prefix.pch */; };
		85D8CA73172BD204005EACE9 /* OwbClient-Info.plist in Sources */ = {isa = PBXBuildFile; fileRef = 8588FE5C1715616A00699036 /* OwbClient-Info.plist */; };
		85D8CA74172BD204005EACE9 /* SVPullToRefresh.h in Sources */ = {isa = PBXBuildFile; fileRef = 85D8CA21172BAB39005EACE9 /* SVPullToRefresh.h */; };
		85D8CA75172BD204005EACE9 /* UIScrollView+SVInfiniteScrolling.h in Sources */ = {isa = PBXBuildFile; fileRef = 85D8CA22172BAB39005EACE9 /* UIScrollView+SVInfiniteScrolling.h */; };
		85D8CA76172BD204005EACE9 /* UIScrollView+SVInfiniteScrolling.m in Sources */ = {isa = PBXBuildFile; fileRef = 85D8CA23172BAB39005EACE9 /* UIScrollView+SVInfiniteScrolling.m */; };
		85D8CA77172BD204005EACE9 /* UIScrollView+SVPullToRefresh.h in Sources */ = {isa = PBXBuildFile; fileRef = 85D8CA24172BAB39005EACE9 /* UIScrollView+SVPullToRefresh.h */; };
		85D8CA78172BD204005EACE9 /* UIScrollView+SVPullToRefresh.m in Sources */ = {isa = PBXBuildFile; fileRef = 85D8CA25172BAB39005EACE9 /* UIScrollView+SVPullToRefresh.m */; };
		85D8CA79172BD204005EACE9 /* CanvasViewController.h in Sources */ = {isa = PBXBuildFile; fileRef = 85C0AA171719347200915556 /* CanvasViewController.h */; };
		85D8CA7A172BD204005EACE9 /* CanvasViewController.mm in Sources */ = {isa = PBXBuildFile; fileRef = 85C0AA181719347200915556 /* CanvasViewController.mm */; };
		85D8CA7B172BD204005EACE9 /* MoveScaleImageView.h in Sources */ = {isa = PBXBuildFile; fileRef = 859728821727D06B00499349 /* MoveScaleImageView.h */; };
		85D8CA7C172BD204005EACE9 /* MoveScaleImageView.mm in Sources */ = {isa = PBXBuildFile; fileRef = 859728811727D06B00499349 /* MoveScaleImageView.mm */; };
		85D8CA7D172BD204005EACE9 /* SnapshotListViewController.h in Sources */ = {isa = PBXBuildFile; fileRef = 8552F0761723DD0F00F497C9 /* SnapshotListViewController.h */; };
		85D8CA7E172BD204005EACE9 /* SnapshotListViewController.mm in Sources */ = {isa = PBXBuildFile; fileRef = 8552F0771723DD0F00F497C9 /* SnapshotListViewController.mm */; };
		85D8CA7F172BD204005EACE9 /* UserListViewController.h in Sources */ = {isa = PBXBuildFile; fileRef = 8552F0721723DB8E00F497C9 /* UserListViewController.h */; };
		85D8CA80172BD204005EACE9 /* UserListViewController.mm in Sources */ = {isa = PBXBuildFile; fileRef = 8552F0731723DB8E00F497C9 /* UserListViewController.mm */; };
		85D8CA81172BD204005EACE9 /* MenuViewController.h in Sources */ = {isa = PBXBuildFile; fileRef = 85BC19281723D433002F7AA8 /* MenuViewController.h */; };
		85D8CA82172BD204005EACE9 /* MenuViewController.mm in Sources */ = {isa = PBXBuildFile; fileRef = 85ADCCE5172A6F6200A22E04 /* MenuViewController.mm */; };
		85D8CA83172BD204005EACE9 /* AppDelegate.h in Sources */ = {isa = PBXBuildFile; fileRef = D12C927017144E95005C3F37 /* AppDelegate.h */; };
		85D8CA84172BD204005EACE9 /* AppDelegate.mm in Sources */ = {isa = PBXBuildFile; fileRef = 85ADCCE3172A6F0200A22E04 /* AppDelegate.mm */; };
		85D8CA85172BD204005EACE9 /* HomeViewController.h in Sources */ = {isa = PBXBuildFile; fileRef = D12C927317144E95005C3F37 /* HomeViewController.h */; };
		85D8CA86172BD204005EACE9 /* HomeViewController.mm in Sources */ = {isa = PBXBuildFile; fileRef = D12C927417144E95005C3F37 /* HomeViewController.mm */; };
		85D8CA87172BD204005EACE9 /* LoginViewController.h in Sources */ = {isa = PBXBuildFile; fileRef = D12C927517144E95005C3F37 /* LoginViewController.h */; };
		85D8CA88172BD204005EACE9 /* LoginViewController.mm in Sources */ = {isa = PBXBuildFile; fileRef = D12C927617144E95005C3F37 /* LoginViewController.mm */; };
		85D8CA89172BD204005EACE9 /* MeetingCodeViewController.h in Sources */ = {isa = PBXBuildFile; fileRef = 8585D3881717E6FF00FCA16C /* MeetingCodeViewController.h */; };
		85D8CA8A172BD204005EACE9 /* MeetingCodeViewController.mm in Sources */ = {isa = PBXBuildFile; fileRef = 8585D3891717E6FF00FCA16C /* MeetingCodeViewController.mm */; };
		85D8CA8B172BD204005EACE9 /* MainController.h in Sources */ = {isa = PBXBuildFile; fileRef = 85DBC87417211D34006E6666 /* MainController.h */; };
		85D8CA8C172BD204005EACE9 /* MainController.mm in Sources */ = {isa = PBXBuildFile; fileRef = 85DBC87517211D34006E6666 /* MainController.mm */; };
		85D8CA8D172BD204005EACE9 /* HBController.h in Sources */ = {isa = PBXBuildFile; fileRef = 85DBC87817211DFF006E6666 /* HBController.h */; };
		85D8CA8E172BD204005EACE9 /* HBController.mm in Sources */ = {isa = PBXBuildFile; fileRef = 85DBC87917211DFF006E6666 /* HBController.mm */; };
		85D8CA8F172BD204005EACE9 /* QueueSender.h in Sources */ = {isa = PBXBuildFile; fileRef = 85DBC87E1722829C006E6666 /* QueueSender.h */; };
		85D8CA90172BD204005EACE9 /* QueueSender.mm in Sources */ = {isa = PBXBuildFile; fileRef = 85DBC87F1722829C006E6666 /* QueueSender.mm */; };
		85D8CA91172BD204005EACE9 /* background.jpg in Sources */ = {isa = PBXBuildFile; fileRef = 85A5C892171E63F200003CC3 /* background.jpg */; };
		85D8CA92172BD204005EACE9 /* create.png in Sources */ = {isa = PBXBuildFile; fileRef = 85A5C893171E63F200003CC3 /* create.png */; };
		85D8CA93172BD204005EACE9 /* createHighlight.png in Sources */ = {isa = PBXBuildFile; fileRef = 85A5C8A0171E84FB00003CC3 /* createHighlight.png */; };
		85D8CA94172BD204005EACE9 /* join.png in Sources */ = {isa = PBXBuildFile; fileRef = 85A5C894171E63F200003CC3 /* join.png */; };
		85D8CA95172BD204005EACE9 /* login.png in Sources */ = {isa = PBXBuildFile; fileRef = 85A5C895171E63F200003CC3 /* login.png */; };
		85D8CA96172BD204005EACE9 /* OwbCommon.h in Sources */ = {isa = PBXBuildFile; fileRef = 8588FE60171561C200699036 /* OwbCommon.h */; };
		85D8CA97172BD204005EACE9 /* main.mm in Sources */ = {isa = PBXBuildFile; fileRef = D12C927F17144E95005C3F37 /* main.mm */; };
		85D8CA98172BD204005EACE9 /* OwbClient.app in Sources */ = {isa = PBXBuildFile; fileRef = D1D67F56171169D200460199 /* OwbClient.app */; };
		D12C928A17144E95005C3F37 /* InfoPlist.strings in Resources */ = {isa = PBXBuildFile; fileRef = D12C927D17144E95005C3F37 /* InfoPlist.strings */; };
		D1D67F5A171169D200460199 /* UIKit.framework in Frameworks */ = {isa = PBXBuildFile; fileRef = D1D67F59171169D200460199 /* UIKit.framework */; };
		D1D67F5C171169D200460199 /* Foundation.framework in Frameworks */ = {isa = PBXBuildFile; fileRef = D1D67F5B171169D200460199 /* Foundation.framework */; };
		D1D67F5E171169D200460199 /* CoreGraphics.framework in Frameworks */ = {isa = PBXBuildFile; fileRef = D1D67F5D171169D200460199 /* CoreGraphics.framework */; };
/* End PBXBuildFile section */

/* Begin PBXFileReference section */
		8552F0721723DB8E00F497C9 /* UserListViewController.h */ = {isa = PBXFileReference; fileEncoding = 4; lastKnownFileType = sourcecode.c.h; path = UserListViewController.h; sourceTree = "<group>"; };
		8552F0731723DB8E00F497C9 /* UserListViewController.mm */ = {isa = PBXFileReference; fileEncoding = 4; lastKnownFileType = sourcecode.cpp.objcpp; path = UserListViewController.mm; sourceTree = "<group>"; };
		8552F0761723DD0F00F497C9 /* SnapshotListViewController.h */ = {isa = PBXFileReference; fileEncoding = 4; lastKnownFileType = sourcecode.c.h; path = SnapshotListViewController.h; sourceTree = "<group>"; };
		8552F0771723DD0F00F497C9 /* SnapshotListViewController.mm */ = {isa = PBXFileReference; fileEncoding = 4; lastKnownFileType = sourcecode.cpp.objcpp; path = SnapshotListViewController.mm; sourceTree = "<group>"; };
		8585D3881717E6FF00FCA16C /* MeetingCodeViewController.h */ = {isa = PBXFileReference; fileEncoding = 4; lastKnownFileType = sourcecode.c.h; path = MeetingCodeViewController.h; sourceTree = "<group>"; };
		8585D3891717E6FF00FCA16C /* MeetingCodeViewController.mm */ = {isa = PBXFileReference; fileEncoding = 4; lastKnownFileType = sourcecode.cpp.objcpp; path = MeetingCodeViewController.mm; sourceTree = "<group>"; };
		8588FE5C1715616A00699036 /* OwbClient-Info.plist */ = {isa = PBXFileReference; fileEncoding = 4; lastKnownFileType = text.plist.xml; path = "OwbClient-Info.plist"; sourceTree = "<group>"; };
		8588FE5E171561A700699036 /* OwbClient-Prefix.pch */ = {isa = PBXFileReference; fileEncoding = 4; lastKnownFileType = sourcecode.c.h; path = "OwbClient-Prefix.pch"; sourceTree = "<group>"; };
		8588FE60171561C200699036 /* OwbCommon.h */ = {isa = PBXFileReference; fileEncoding = 4; lastKnownFileType = sourcecode.c.h; path = OwbCommon.h; sourceTree = "<group>"; };
		859728811727D06B00499349 /* MoveScaleImageView.mm */ = {isa = PBXFileReference; fileEncoding = 4; lastKnownFileType = sourcecode.cpp.objcpp; path = MoveScaleImageView.mm; sourceTree = "<group>"; };
		859728821727D06B00499349 /* MoveScaleImageView.h */ = {isa = PBXFileReference; fileEncoding = 4; lastKnownFileType = sourcecode.c.h; path = MoveScaleImageView.h; sourceTree = "<group>"; };
		8599F586172A683800E9E42E /* ServerDelegate.h */ = {isa = PBXFileReference; fileEncoding = 4; lastKnownFileType = sourcecode.c.h; path = ServerDelegate.h; sourceTree = "<group>"; };
		8599F588172A683800E9E42E /* message.pb.h */ = {isa = PBXFileReference; fileEncoding = 4; lastKnownFileType = sourcecode.c.h; path = message.pb.h; sourceTree = "<group>"; };
		8599F58A172A683800E9E42E /* common.h */ = {isa = PBXFileReference; fileEncoding = 4; lastKnownFileType = sourcecode.c.h; path = common.h; sourceTree = "<group>"; };
		8599F5D7172A683800E9E42E /* gflags.h */ = {isa = PBXFileReference; fileEncoding = 4; lastKnownFileType = sourcecode.c.h; path = gflags.h; sourceTree = "<group>"; };
		8599F5D8172A683800E9E42E /* gflags_completions.h */ = {isa = PBXFileReference; fileEncoding = 4; lastKnownFileType = sourcecode.c.h; path = gflags_completions.h; sourceTree = "<group>"; };
		8599F5DB172A683800E9E42E /* code_generator.h */ = {isa = PBXFileReference; fileEncoding = 4; lastKnownFileType = sourcecode.c.h; path = code_generator.h; sourceTree = "<group>"; };
		8599F5DC172A683800E9E42E /* command_line_interface.h */ = {isa = PBXFileReference; fileEncoding = 4; lastKnownFileType = sourcecode.c.h; path = command_line_interface.h; sourceTree = "<group>"; };
		8599F5DE172A683800E9E42E /* cpp_generator.h */ = {isa = PBXFileReference; fileEncoding = 4; lastKnownFileType = sourcecode.c.h; path = cpp_generator.h; sourceTree = "<group>"; };
		8599F5DF172A683800E9E42E /* importer.h */ = {isa = PBXFileReference; fileEncoding = 4; lastKnownFileType = sourcecode.c.h; path = importer.h; sourceTree = "<group>"; };
		8599F5E1172A683800E9E42E /* java_generator.h */ = {isa = PBXFileReference; fileEncoding = 4; lastKnownFileType = sourcecode.c.h; path = java_generator.h; sourceTree = "<group>"; };
		8599F5E2172A683800E9E42E /* parser.h */ = {isa = PBXFileReference; fileEncoding = 4; lastKnownFileType = sourcecode.c.h; path = parser.h; sourceTree = "<group>"; };
		8599F5E3172A683800E9E42E /* plugin.h */ = {isa = PBXFileReference; fileEncoding = 4; lastKnownFileType = sourcecode.c.h; path = plugin.h; sourceTree = "<group>"; };
		8599F5E4172A683800E9E42E /* plugin.pb.h */ = {isa = PBXFileReference; fileEncoding = 4; lastKnownFileType = sourcecode.c.h; path = plugin.pb.h; sourceTree = "<group>"; };
		8599F5E5172A683800E9E42E /* plugin.proto */ = {isa = PBXFileReference; fileEncoding = 4; lastKnownFileType = text; path = plugin.proto; sourceTree = "<group>"; };
		8599F5E7172A683800E9E42E /* python_generator.h */ = {isa = PBXFileReference; fileEncoding = 4; lastKnownFileType = sourcecode.c.h; path = python_generator.h; sourceTree = "<group>"; };
		8599F5E8172A683800E9E42E /* descriptor.h */ = {isa = PBXFileReference; fileEncoding = 4; lastKnownFileType = sourcecode.c.h; path = descriptor.h; sourceTree = "<group>"; };
		8599F5E9172A683800E9E42E /* descriptor.pb.h */ = {isa = PBXFileReference; fileEncoding = 4; lastKnownFileType = sourcecode.c.h; path = descriptor.pb.h; sourceTree = "<group>"; };
		8599F5EA172A683800E9E42E /* descriptor.proto */ = {isa = PBXFileReference; fileEncoding = 4; lastKnownFileType = text; path = descriptor.proto; sourceTree = "<group>"; };
		8599F5EB172A683800E9E42E /* descriptor_database.h */ = {isa = PBXFileReference; fileEncoding = 4; lastKnownFileType = sourcecode.c.h; path = descriptor_database.h; sourceTree = "<group>"; };
		8599F5EC172A683800E9E42E /* dynamic_message.h */ = {isa = PBXFileReference; fileEncoding = 4; lastKnownFileType = sourcecode.c.h; path = dynamic_message.h; sourceTree = "<group>"; };
		8599F5ED172A683800E9E42E /* extension_set.h */ = {isa = PBXFileReference; fileEncoding = 4; lastKnownFileType = sourcecode.c.h; path = extension_set.h; sourceTree = "<group>"; };
		8599F5EE172A683800E9E42E /* generated_message_reflection.h */ = {isa = PBXFileReference; fileEncoding = 4; lastKnownFileType = sourcecode.c.h; path = generated_message_reflection.h; sourceTree = "<group>"; };
		8599F5EF172A683800E9E42E /* generated_message_util.h */ = {isa = PBXFileReference; fileEncoding = 4; lastKnownFileType = sourcecode.c.h; path = generated_message_util.h; sourceTree = "<group>"; };
		8599F5F1172A683800E9E42E /* coded_stream.h */ = {isa = PBXFileReference; fileEncoding = 4; lastKnownFileType = sourcecode.c.h; path = coded_stream.h; sourceTree = "<group>"; };
		8599F5F2172A683800E9E42E /* gzip_stream.h */ = {isa = PBXFileReference; fileEncoding = 4; lastKnownFileType = sourcecode.c.h; path = gzip_stream.h; sourceTree = "<group>"; };
		8599F5F3172A683800E9E42E /* printer.h */ = {isa = PBXFileReference; fileEncoding = 4; lastKnownFileType = sourcecode.c.h; path = printer.h; sourceTree = "<group>"; };
		8599F5F4172A683800E9E42E /* tokenizer.h */ = {isa = PBXFileReference; fileEncoding = 4; lastKnownFileType = sourcecode.c.h; path = tokenizer.h; sourceTree = "<group>"; };
		8599F5F5172A683800E9E42E /* zero_copy_stream.h */ = {isa = PBXFileReference; fileEncoding = 4; lastKnownFileType = sourcecode.c.h; path = zero_copy_stream.h; sourceTree = "<group>"; };
		8599F5F6172A683800E9E42E /* zero_copy_stream_impl.h */ = {isa = PBXFileReference; fileEncoding = 4; lastKnownFileType = sourcecode.c.h; path = zero_copy_stream_impl.h; sourceTree = "<group>"; };
		8599F5F7172A683800E9E42E /* zero_copy_stream_impl_lite.h */ = {isa = PBXFileReference; fileEncoding = 4; lastKnownFileType = sourcecode.c.h; path = zero_copy_stream_impl_lite.h; sourceTree = "<group>"; };
		8599F5F8172A683800E9E42E /* message.h */ = {isa = PBXFileReference; fileEncoding = 4; lastKnownFileType = sourcecode.c.h; path = message.h; sourceTree = "<group>"; };
		8599F5F9172A683800E9E42E /* message_lite.h */ = {isa = PBXFileReference; fileEncoding = 4; lastKnownFileType = sourcecode.c.h; path = message_lite.h; sourceTree = "<group>"; };
		8599F5FA172A683800E9E42E /* reflection_ops.h */ = {isa = PBXFileReference; fileEncoding = 4; lastKnownFileType = sourcecode.c.h; path = reflection_ops.h; sourceTree = "<group>"; };
		8599F5FB172A683800E9E42E /* repeated_field.h */ = {isa = PBXFileReference; fileEncoding = 4; lastKnownFileType = sourcecode.c.h; path = repeated_field.h; sourceTree = "<group>"; };
		8599F5FC172A683800E9E42E /* service.h */ = {isa = PBXFileReference; fileEncoding = 4; lastKnownFileType = sourcecode.c.h; path = service.h; sourceTree = "<group>"; };
		8599F5FE172A683800E9E42E /* common.h */ = {isa = PBXFileReference; fileEncoding = 4; lastKnownFileType = sourcecode.c.h; path = common.h; sourceTree = "<group>"; };
		8599F5FF172A683800E9E42E /* once.h */ = {isa = PBXFileReference; fileEncoding = 4; lastKnownFileType = sourcecode.c.h; path = once.h; sourceTree = "<group>"; };
		8599F600172A683800E9E42E /* text_format.h */ = {isa = PBXFileReference; fileEncoding = 4; lastKnownFileType = sourcecode.c.h; path = text_format.h; sourceTree = "<group>"; };
		8599F601172A683800E9E42E /* unknown_field_set.h */ = {isa = PBXFileReference; fileEncoding = 4; lastKnownFileType = sourcecode.c.h; path = unknown_field_set.h; sourceTree = "<group>"; };
		8599F602172A683800E9E42E /* wire_format.h */ = {isa = PBXFileReference; fileEncoding = 4; lastKnownFileType = sourcecode.c.h; path = wire_format.h; sourceTree = "<group>"; };
		8599F603172A683800E9E42E /* wire_format_lite.h */ = {isa = PBXFileReference; fileEncoding = 4; lastKnownFileType = sourcecode.c.h; path = wire_format_lite.h; sourceTree = "<group>"; };
		8599F604172A683800E9E42E /* wire_format_lite_inl.h */ = {isa = PBXFileReference; fileEncoding = 4; lastKnownFileType = sourcecode.c.h; path = wire_format_lite_inl.h; sourceTree = "<group>"; };
		8599F606172A683800E9E42E /* libprotobuf-lite.a */ = {isa = PBXFileReference; lastKnownFileType = archive.ar; path = "libprotobuf-lite.a"; sourceTree = "<group>"; };
		8599F607172A683800E9E42E /* libprotobuf.a */ = {isa = PBXFileReference; lastKnownFileType = archive.ar; path = libprotobuf.a; sourceTree = "<group>"; };
		85A5C892171E63F200003CC3 /* background.jpg */ = {isa = PBXFileReference; lastKnownFileType = image.jpeg; path = background.jpg; sourceTree = "<group>"; };
		85A5C893171E63F200003CC3 /* create.png */ = {isa = PBXFileReference; lastKnownFileType = image.png; path = create.png; sourceTree = "<group>"; };
		85A5C894171E63F200003CC3 /* join.png */ = {isa = PBXFileReference; lastKnownFileType = image.png; path = join.png; sourceTree = "<group>"; };
		85A5C895171E63F200003CC3 /* login.png */ = {isa = PBXFileReference; lastKnownFileType = image.png; path = login.png; sourceTree = "<group>"; };
		85A5C8A0171E84FB00003CC3 /* createHighlight.png */ = {isa = PBXFileReference; lastKnownFileType = image.png; path = createHighlight.png; sourceTree = "<group>"; };
		85ADCCE3172A6F0200A22E04 /* AppDelegate.mm */ = {isa = PBXFileReference; fileEncoding = 4; lastKnownFileType = sourcecode.cpp.objcpp; path = AppDelegate.mm; sourceTree = "<group>"; };
		85ADCCE5172A6F6200A22E04 /* MenuViewController.mm */ = {isa = PBXFileReference; fileEncoding = 4; lastKnownFileType = sourcecode.cpp.objcpp; name = MenuViewController.mm; path = Controller/MenuViewController.mm; sourceTree = "<group>"; };
		85BC19281723D433002F7AA8 /* MenuViewController.h */ = {isa = PBXFileReference; fileEncoding = 4; lastKnownFileType = sourcecode.c.h; name = MenuViewController.h; path = Controller/MenuViewController.h; sourceTree = "<group>"; };
		85C0AA171719347200915556 /* CanvasViewController.h */ = {isa = PBXFileReference; fileEncoding = 4; lastKnownFileType = sourcecode.c.h; name = CanvasViewController.h; path = Canvas/CanvasViewController.h; sourceTree = "<group>"; };
		85C0AA181719347200915556 /* CanvasViewController.mm */ = {isa = PBXFileReference; fileEncoding = 4; lastKnownFileType = sourcecode.cpp.objcpp; name = CanvasViewController.mm; path = Canvas/CanvasViewController.mm; sourceTree = "<group>"; };
		85D8CA21172BAB39005EACE9 /* SVPullToRefresh.h */ = {isa = PBXFileReference; fileEncoding = 4; lastKnownFileType = sourcecode.c.h; path = SVPullToRefresh.h; sourceTree = "<group>"; };
		85D8CA22172BAB39005EACE9 /* UIScrollView+SVInfiniteScrolling.h */ = {isa = PBXFileReference; fileEncoding = 4; lastKnownFileType = sourcecode.c.h; path = "UIScrollView+SVInfiniteScrolling.h"; sourceTree = "<group>"; };
		85D8CA23172BAB39005EACE9 /* UIScrollView+SVInfiniteScrolling.m */ = {isa = PBXFileReference; fileEncoding = 4; lastKnownFileType = sourcecode.c.objc; path = "UIScrollView+SVInfiniteScrolling.m"; sourceTree = "<group>"; };
		85D8CA24172BAB39005EACE9 /* UIScrollView+SVPullToRefresh.h */ = {isa = PBXFileReference; fileEncoding = 4; lastKnownFileType = sourcecode.c.h; path = "UIScrollView+SVPullToRefresh.h"; sourceTree = "<group>"; };
		85D8CA25172BAB39005EACE9 /* UIScrollView+SVPullToRefresh.m */ = {isa = PBXFileReference; fileEncoding = 4; lastKnownFileType = sourcecode.c.objc; path = "UIScrollView+SVPullToRefresh.m"; sourceTree = "<group>"; };
		85D8CA29172BAC08005EACE9 /* QuartzCore.framework */ = {isa = PBXFileReference; lastKnownFileType = wrapper.framework; name = QuartzCore.framework; path = System/Library/Frameworks/QuartzCore.framework; sourceTree = SDKROOT; };
		85D8CA2E172BB488005EACE9 /* ColorMaker.h */ = {isa = PBXFileReference; fileEncoding = 4; lastKnownFileType = sourcecode.c.h; path = ColorMaker.h; sourceTree = "<group>"; };
		85D8CA2F172BB488005EACE9 /* Drawer.h */ = {isa = PBXFileReference; fileEncoding = 4; lastKnownFileType = sourcecode.c.h; path = Drawer.h; sourceTree = "<group>"; };
		85D8CA31172BB488005EACE9 /* RefreshableList.h */ = {isa = PBXFileReference; fileEncoding = 4; lastKnownFileType = sourcecode.c.h; path = RefreshableList.h; sourceTree = "<group>"; };
		85D8CA32172BB488005EACE9 /* SnapshotList.h */ = {isa = PBXFileReference; fileEncoding = 4; lastKnownFileType = sourcecode.c.h; path = SnapshotList.h; sourceTree = "<group>"; };
		85D8CA33172BB49A005EACE9 /* Canvas.h */ = {isa = PBXFileReference; fileEncoding = 4; lastKnownFileType = sourcecode.c.h; path = Canvas.h; sourceTree = "<group>"; };
		85D8CA36172BD0BF005EACE9 /* libOwbClient.a */ = {isa = PBXFileReference; lastKnownFileType = archive.ar; path = libOwbClient.a; sourceTree = "<group>"; };
		85D8CA38172BD0D5005EACE9 /* BoardModel.h */ = {isa = PBXFileReference; fileEncoding = 4; lastKnownFileType = sourcecode.c.h; path = BoardModel.h; sourceTree = "<group>"; };
		85D8CA39172BD0D5005EACE9 /* MessageModel.h */ = {isa = PBXFileReference; fileEncoding = 4; lastKnownFileType = sourcecode.c.h; path = MessageModel.h; sourceTree = "<group>"; };
		85D8CA3A172BD0FF005EACE9 /* OperationQueue.h */ = {isa = PBXFileReference; fileEncoding = 4; lastKnownFileType = sourcecode.c.h; path = OperationQueue.h; sourceTree = "<group>"; };
		85DBC87417211D34006E6666 /* MainController.h */ = {isa = PBXFileReference; fileEncoding = 4; lastKnownFileType = sourcecode.c.h; path = MainController.h; sourceTree = "<group>"; };
		85DBC87517211D34006E6666 /* MainController.mm */ = {isa = PBXFileReference; fileEncoding = 4; lastKnownFileType = sourcecode.cpp.objcpp; path = MainController.mm; sourceTree = "<group>"; };
		85DBC87817211DFF006E6666 /* HBController.h */ = {isa = PBXFileReference; fileEncoding = 4; lastKnownFileType = sourcecode.c.h; path = HBController.h; sourceTree = "<group>"; };
		85DBC87917211DFF006E6666 /* HBController.mm */ = {isa = PBXFileReference; fileEncoding = 4; lastKnownFileType = sourcecode.cpp.objcpp; path = HBController.mm; sourceTree = "<group>"; };
		85DBC87E1722829C006E6666 /* QueueSender.h */ = {isa = PBXFileReference; fileEncoding = 4; lastKnownFileType = sourcecode.c.h; path = QueueSender.h; sourceTree = "<group>"; };
		85DBC87F1722829C006E6666 /* QueueSender.mm */ = {isa = PBXFileReference; fileEncoding = 4; lastKnownFileType = sourcecode.cpp.objcpp; path = QueueSender.mm; sourceTree = "<group>"; };
		D12C927017144E95005C3F37 /* AppDelegate.h */ = {isa = PBXFileReference; fileEncoding = 4; lastKnownFileType = sourcecode.c.h; path = AppDelegate.h; sourceTree = "<group>"; };
		D12C927317144E95005C3F37 /* HomeViewController.h */ = {isa = PBXFileReference; fileEncoding = 4; lastKnownFileType = sourcecode.c.h; path = HomeViewController.h; sourceTree = "<group>"; };
		D12C927417144E95005C3F37 /* HomeViewController.mm */ = {isa = PBXFileReference; fileEncoding = 4; lastKnownFileType = sourcecode.cpp.objcpp; path = HomeViewController.mm; sourceTree = "<group>"; };
		D12C927517144E95005C3F37 /* LoginViewController.h */ = {isa = PBXFileReference; fileEncoding = 4; lastKnownFileType = sourcecode.c.h; path = LoginViewController.h; sourceTree = "<group>"; };
		D12C927617144E95005C3F37 /* LoginViewController.mm */ = {isa = PBXFileReference; fileEncoding = 4; lastKnownFileType = sourcecode.cpp.objcpp; path = LoginViewController.mm; sourceTree = "<group>"; };
		D12C927E17144E95005C3F37 /* en */ = {isa = PBXFileReference; lastKnownFileType = text.plist.strings; name = en; path = en.lproj/InfoPlist.strings; sourceTree = "<group>"; };
		D12C927F17144E95005C3F37 /* main.mm */ = {isa = PBXFileReference; fileEncoding = 4; lastKnownFileType = sourcecode.cpp.objcpp; path = main.mm; sourceTree = "<group>"; };
		D1D67F56171169D200460199 /* OwbClient.app */ = {isa = PBXFileReference; explicitFileType = wrapper.application; includeInIndex = 0; path = OwbClient.app; sourceTree = BUILT_PRODUCTS_DIR; };
		D1D67F59171169D200460199 /* UIKit.framework */ = {isa = PBXFileReference; lastKnownFileType = wrapper.framework; name = UIKit.framework; path = System/Library/Frameworks/UIKit.framework; sourceTree = SDKROOT; };
		D1D67F5B171169D200460199 /* Foundation.framework */ = {isa = PBXFileReference; lastKnownFileType = wrapper.framework; name = Foundation.framework; path = System/Library/Frameworks/Foundation.framework; sourceTree = SDKROOT; };
		D1D67F5D171169D200460199 /* CoreGraphics.framework */ = {isa = PBXFileReference; lastKnownFileType = wrapper.framework; name = CoreGraphics.framework; path = System/Library/Frameworks/CoreGraphics.framework; sourceTree = SDKROOT; };
		D1D67F77171169D200460199 /* SenTestingKit.framework */ = {isa = PBXFileReference; lastKnownFileType = wrapper.framework; name = SenTestingKit.framework; path = Library/Frameworks/SenTestingKit.framework; sourceTree = DEVELOPER_DIR; };
/* End PBXFileReference section */

/* Begin PBXFrameworksBuildPhase section */
		D1D67F53171169D100460199 /* Frameworks */ = {
			isa = PBXFrameworksBuildPhase;
			buildActionMask = 2147483647;
			files = (
				D1D67F5A171169D200460199 /* UIKit.framework in Frameworks */,
				85D8CA2B172BAC23005EACE9 /* QuartzCore.framework in Frameworks */,
				D1D67F5C171169D200460199 /* Foundation.framework in Frameworks */,
				D1D67F5E171169D200460199 /* CoreGraphics.framework in Frameworks */,
				851B8F2B172A8316008FEC35 /* libprotobuf.a in Frameworks */,
				85D8CA3B172BD13A005EACE9 /* libOwbClient.a in Frameworks */,
				851B8F2A172A8313008FEC35 /* libprotobuf-lite.a in Frameworks */,
			);
			runOnlyForDeploymentPostprocessing = 0;
		};
/* End PBXFrameworksBuildPhase section */

/* Begin PBXGroup section */
		8588FE61171562B700699036 /* MenuBar */ = {
			isa = PBXGroup;
			children = (
				85BC19281723D433002F7AA8 /* MenuViewController.h */,
				85ADCCE5172A6F6200A22E04 /* MenuViewController.mm */,
			);
			name = MenuBar;
			path = ..;
			sourceTree = "<group>";
		};
		8597287A1727BFD500499349 /* UserList */ = {
			isa = PBXGroup;
			children = (
				8552F0721723DB8E00F497C9 /* UserListViewController.h */,
				8552F0731723DB8E00F497C9 /* UserListViewController.mm */,
			);
			name = UserList;
			sourceTree = "<group>";
		};
		8597287C1727BFE100499349 /* SnapList */ = {
			isa = PBXGroup;
			children = (
				8552F0761723DD0F00F497C9 /* SnapshotListViewController.h */,
				8552F0771723DD0F00F497C9 /* SnapshotListViewController.mm */,
			);
			name = SnapList;
			sourceTree = "<group>";
		};
		8599F57F172A683800E9E42E /* OwbClientLib */ = {
			isa = PBXGroup;
			children = (
				85D8CA36172BD0BF005EACE9 /* libOwbClient.a */,
				8599F580172A683800E9E42E /* Models */,
				8599F583172A683800E9E42E /* NetWork */,
				8599F587172A683800E9E42E /* ProtoBuffer */,
				8599F589172A683800E9E42E /* SupportFiles */,
				8599F58B172A683800E9E42E /* ThridParty */,
				8599F92B172A683A00E9E42E /* Tools */,
				8599F932172A683A00E9E42E /* View */,
			);
			path = OwbClientLib;
			sourceTree = "<group>";
		};
		8599F580172A683800E9E42E /* Models */ = {
			isa = PBXGroup;
			children = (
				85D8CA38172BD0D5005EACE9 /* BoardModel.h */,
				85D8CA39172BD0D5005EACE9 /* MessageModel.h */,
			);
			path = Models;
			sourceTree = "<group>";
		};
		8599F583172A683800E9E42E /* NetWork */ = {
			isa = PBXGroup;
			children = (
				8599F586172A683800E9E42E /* ServerDelegate.h */,
			);
			path = NetWork;
			sourceTree = "<group>";
		};
		8599F587172A683800E9E42E /* ProtoBuffer */ = {
			isa = PBXGroup;
			children = (
				8599F588172A683800E9E42E /* message.pb.h */,
			);
			path = ProtoBuffer;
			sourceTree = "<group>";
		};
		8599F589172A683800E9E42E /* SupportFiles */ = {
			isa = PBXGroup;
			children = (
				8599F58A172A683800E9E42E /* common.h */,
			);
			path = SupportFiles;
			sourceTree = "<group>";
		};
		8599F58B172A683800E9E42E /* ThridParty */ = {
			isa = PBXGroup;
			children = (
				8599F5D4172A683800E9E42E /* protobuf */,
			);
			path = ThridParty;
			sourceTree = "<group>";
		};
		8599F5D4172A683800E9E42E /* protobuf */ = {
			isa = PBXGroup;
			children = (
				8599F5D5172A683800E9E42E /* include */,
				8599F605172A683800E9E42E /* lib */,
			);
			path = protobuf;
			sourceTree = "<group>";
		};
		8599F5D5172A683800E9E42E /* include */ = {
			isa = PBXGroup;
			children = (
				8599F5D6172A683800E9E42E /* google */,
			);
			path = include;
			sourceTree = "<group>";
		};
		8599F5D6172A683800E9E42E /* google */ = {
			isa = PBXGroup;
			children = (
				8599F5D7172A683800E9E42E /* gflags.h */,
				8599F5D8172A683800E9E42E /* gflags_completions.h */,
				8599F5D9172A683800E9E42E /* protobuf */,
			);
			path = google;
			sourceTree = "<group>";
		};
		8599F5D9172A683800E9E42E /* protobuf */ = {
			isa = PBXGroup;
			children = (
				8599F5DA172A683800E9E42E /* compiler */,
				8599F5E8172A683800E9E42E /* descriptor.h */,
				8599F5E9172A683800E9E42E /* descriptor.pb.h */,
				8599F5EA172A683800E9E42E /* descriptor.proto */,
				8599F5EB172A683800E9E42E /* descriptor_database.h */,
				8599F5EC172A683800E9E42E /* dynamic_message.h */,
				8599F5ED172A683800E9E42E /* extension_set.h */,
				8599F5EE172A683800E9E42E /* generated_message_reflection.h */,
				8599F5EF172A683800E9E42E /* generated_message_util.h */,
				8599F5F0172A683800E9E42E /* io */,
				8599F5F8172A683800E9E42E /* message.h */,
				8599F5F9172A683800E9E42E /* message_lite.h */,
				8599F5FA172A683800E9E42E /* reflection_ops.h */,
				8599F5FB172A683800E9E42E /* repeated_field.h */,
				8599F5FC172A683800E9E42E /* service.h */,
				8599F5FD172A683800E9E42E /* stubs */,
				8599F600172A683800E9E42E /* text_format.h */,
				8599F601172A683800E9E42E /* unknown_field_set.h */,
				8599F602172A683800E9E42E /* wire_format.h */,
				8599F603172A683800E9E42E /* wire_format_lite.h */,
				8599F604172A683800E9E42E /* wire_format_lite_inl.h */,
			);
			path = protobuf;
			sourceTree = "<group>";
		};
		8599F5DA172A683800E9E42E /* compiler */ = {
			isa = PBXGroup;
			children = (
				8599F5DB172A683800E9E42E /* code_generator.h */,
				8599F5DC172A683800E9E42E /* command_line_interface.h */,
				8599F5DD172A683800E9E42E /* cpp */,
				8599F5DF172A683800E9E42E /* importer.h */,
				8599F5E0172A683800E9E42E /* java */,
				8599F5E2172A683800E9E42E /* parser.h */,
				8599F5E3172A683800E9E42E /* plugin.h */,
				8599F5E4172A683800E9E42E /* plugin.pb.h */,
				8599F5E5172A683800E9E42E /* plugin.proto */,
				8599F5E6172A683800E9E42E /* python */,
			);
			path = compiler;
			sourceTree = "<group>";
		};
		8599F5DD172A683800E9E42E /* cpp */ = {
			isa = PBXGroup;
			children = (
				8599F5DE172A683800E9E42E /* cpp_generator.h */,
			);
			path = cpp;
			sourceTree = "<group>";
		};
		8599F5E0172A683800E9E42E /* java */ = {
			isa = PBXGroup;
			children = (
				8599F5E1172A683800E9E42E /* java_generator.h */,
			);
			path = java;
			sourceTree = "<group>";
		};
		8599F5E6172A683800E9E42E /* python */ = {
			isa = PBXGroup;
			children = (
				8599F5E7172A683800E9E42E /* python_generator.h */,
			);
			path = python;
			sourceTree = "<group>";
		};
		8599F5F0172A683800E9E42E /* io */ = {
			isa = PBXGroup;
			children = (
				8599F5F1172A683800E9E42E /* coded_stream.h */,
				8599F5F2172A683800E9E42E /* gzip_stream.h */,
				8599F5F3172A683800E9E42E /* printer.h */,
				8599F5F4172A683800E9E42E /* tokenizer.h */,
				8599F5F5172A683800E9E42E /* zero_copy_stream.h */,
				8599F5F6172A683800E9E42E /* zero_copy_stream_impl.h */,
				8599F5F7172A683800E9E42E /* zero_copy_stream_impl_lite.h */,
			);
			path = io;
			sourceTree = "<group>";
		};
		8599F5FD172A683800E9E42E /* stubs */ = {
			isa = PBXGroup;
			children = (
				8599F5FE172A683800E9E42E /* common.h */,
				8599F5FF172A683800E9E42E /* once.h */,
			);
			path = stubs;
			sourceTree = "<group>";
		};
		8599F605172A683800E9E42E /* lib */ = {
			isa = PBXGroup;
			children = (
				8599F606172A683800E9E42E /* libprotobuf-lite.a */,
				8599F607172A683800E9E42E /* libprotobuf.a */,
			);
			path = lib;
			sourceTree = "<group>";
		};
		8599F92B172A683A00E9E42E /* Tools */ = {
			isa = PBXGroup;
			children = (
				85D8CA2E172BB488005EACE9 /* ColorMaker.h */,
				85D8CA3A172BD0FF005EACE9 /* OperationQueue.h */,
				85D8CA2F172BB488005EACE9 /* Drawer.h */,
				85D8CA31172BB488005EACE9 /* RefreshableList.h */,
				85D8CA32172BB488005EACE9 /* SnapshotList.h */,
			);
			path = Tools;
			sourceTree = "<group>";
		};
		8599F932172A683A00E9E42E /* View */ = {
			isa = PBXGroup;
			children = (
				85D8CA33172BB49A005EACE9 /* Canvas.h */,
			);
			path = View;
			sourceTree = "<group>";
		};
		85C0AA151719345400915556 /* Canvas */ = {
			isa = PBXGroup;
			children = (
				85C0AA171719347200915556 /* CanvasViewController.h */,
				85C0AA181719347200915556 /* CanvasViewController.mm */,
				859728821727D06B00499349 /* MoveScaleImageView.h */,
				859728811727D06B00499349 /* MoveScaleImageView.mm */,
				8597287C1727BFE100499349 /* SnapList */,
				8597287A1727BFD500499349 /* UserList */,
				8588FE61171562B700699036 /* MenuBar */,
			);
			name = Canvas;
			sourceTree = "<group>";
		};
		85D8CA20172BAB39005EACE9 /* SVPullToRefresh */ = {
			isa = PBXGroup;
			children = (
				85D8CA21172BAB39005EACE9 /* SVPullToRefresh.h */,
				85D8CA22172BAB39005EACE9 /* UIScrollView+SVInfiniteScrolling.h */,
				85D8CA23172BAB39005EACE9 /* UIScrollView+SVInfiniteScrolling.m */,
				85D8CA24172BAB39005EACE9 /* UIScrollView+SVPullToRefresh.h */,
				85D8CA25172BAB39005EACE9 /* UIScrollView+SVPullToRefresh.m */,
			);
			path = SVPullToRefresh;
			sourceTree = "<group>";
		};
		D12C926F17144E95005C3F37 /* Controller */ = {
			isa = PBXGroup;
			children = (
				85D8CA20172BAB39005EACE9 /* SVPullToRefresh */,
				85C0AA151719345400915556 /* Canvas */,
				D12C927017144E95005C3F37 /* AppDelegate.h */,
				85ADCCE3172A6F0200A22E04 /* AppDelegate.mm */,
				D12C927217144E95005C3F37 /* Home */,
				85DBC87417211D34006E6666 /* MainController.h */,
				85DBC87517211D34006E6666 /* MainController.mm */,
				85DBC87817211DFF006E6666 /* HBController.h */,
				85DBC87917211DFF006E6666 /* HBController.mm */,
				85DBC87E1722829C006E6666 /* QueueSender.h */,
				85DBC87F1722829C006E6666 /* QueueSender.mm */,
			);
			path = Controller;
			sourceTree = "<group>";
		};
		D12C927217144E95005C3F37 /* Home */ = {
			isa = PBXGroup;
			children = (
				D12C927317144E95005C3F37 /* HomeViewController.h */,
				D12C927417144E95005C3F37 /* HomeViewController.mm */,
				D12C927517144E95005C3F37 /* LoginViewController.h */,
				D12C927617144E95005C3F37 /* LoginViewController.mm */,
				8585D3881717E6FF00FCA16C /* MeetingCodeViewController.h */,
				8585D3891717E6FF00FCA16C /* MeetingCodeViewController.mm */,
			);
			path = Home;
			sourceTree = "<group>";
		};
		D12C927817144E95005C3F37 /* Resources */ = {
			isa = PBXGroup;
			children = (
				85A5C892171E63F200003CC3 /* background.jpg */,
				85A5C893171E63F200003CC3 /* create.png */,
				85A5C8A0171E84FB00003CC3 /* createHighlight.png */,
				85A5C894171E63F200003CC3 /* join.png */,
				85A5C895171E63F200003CC3 /* login.png */,
			);
			path = Resources;
			sourceTree = "<group>";
		};
		D12C927C17144E95005C3F37 /* SupportFiles */ = {
			isa = PBXGroup;
			children = (
				8588FE60171561C200699036 /* OwbCommon.h */,
				D12C927F17144E95005C3F37 /* main.mm */,
			);
			path = SupportFiles;
			sourceTree = "<group>";
		};
		D1D67F4D171169D100460199 = {
			isa = PBXGroup;
			children = (
				D1D67F5F171169D200460199 /* OwbClient */,
				D1D67F58171169D200460199 /* Frameworks */,
				D1D67F57171169D200460199 /* Products */,
			);
			sourceTree = "<group>";
		};
		D1D67F57171169D200460199 /* Products */ = {
			isa = PBXGroup;
			children = (
				D1D67F56171169D200460199 /* OwbClient.app */,
			);
			name = Products;
			sourceTree = "<group>";
		};
		D1D67F58171169D200460199 /* Frameworks */ = {
			isa = PBXGroup;
			children = (
				85D8CA29172BAC08005EACE9 /* QuartzCore.framework */,
				D1D67F59171169D200460199 /* UIKit.framework */,
				D1D67F5B171169D200460199 /* Foundation.framework */,
				D1D67F5D171169D200460199 /* CoreGraphics.framework */,
				D1D67F77171169D200460199 /* SenTestingKit.framework */,
			);
			name = Frameworks;
			sourceTree = "<group>";
		};
		D1D67F5F171169D200460199 /* OwbClient */ = {
			isa = PBXGroup;
			children = (
				8599F57F172A683800E9E42E /* OwbClientLib */,
				8588FE5E171561A700699036 /* OwbClient-Prefix.pch */,
				8588FE5C1715616A00699036 /* OwbClient-Info.plist */,
				D12C927D17144E95005C3F37 /* InfoPlist.strings */,
				D12C926F17144E95005C3F37 /* Controller */,
				D12C927817144E95005C3F37 /* Resources */,
				D12C927C17144E95005C3F37 /* SupportFiles */,
			);
			path = OwbClient;
			sourceTree = "<group>";
		};
/* End PBXGroup section */

/* Begin PBXNativeTarget section */
		D1D67F55171169D100460199 /* OwbClient */ = {
			isa = PBXNativeTarget;
			buildConfigurationList = D1D67F88171169D200460199 /* Build configuration list for PBXNativeTarget "OwbClient" */;
			buildPhases = (
				D1D67F52171169D100460199 /* Sources */,
				D1D67F53171169D100460199 /* Frameworks */,
				D1D67F54171169D100460199 /* Resources */,
			);
			buildRules = (
			);
			dependencies = (
			);
			name = OwbClient;
			productName = OwbClient;
			productReference = D1D67F56171169D200460199 /* OwbClient.app */;
			productType = "com.apple.product-type.application";
		};
/* End PBXNativeTarget section */

/* Begin PBXProject section */
		D1D67F4E171169D100460199 /* Project object */ = {
			isa = PBXProject;
			attributes = {
				LastUpgradeCheck = 0460;
				ORGANIZATIONNAME = tsgsz;
			};
			buildConfigurationList = D1D67F51171169D100460199 /* Build configuration list for PBXProject "OwbClient" */;
			compatibilityVersion = "Xcode 3.2";
			developmentRegion = English;
			hasScannedForEncodings = 0;
			knownRegions = (
				en,
			);
			mainGroup = D1D67F4D171169D100460199;
			productRefGroup = D1D67F57171169D200460199 /* Products */;
			projectDirPath = "";
			projectRoot = "";
			targets = (
				D1D67F55171169D100460199 /* OwbClient */,
			);
		};
/* End PBXProject section */

/* Begin PBXResourcesBuildPhase section */
		D1D67F54171169D100460199 /* Resources */ = {
			isa = PBXResourcesBuildPhase;
			buildActionMask = 2147483647;
			files = (
				D12C928A17144E95005C3F37 /* InfoPlist.strings in Resources */,
				8588FE5D1715616A00699036 /* OwbClient-Info.plist in Resources */,
				85A5C896171E63F200003CC3 /* background.jpg in Resources */,
				85A5C897171E63F200003CC3 /* create.png in Resources */,
				85A5C898171E63F200003CC3 /* join.png in Resources */,
				85A5C899171E63F200003CC3 /* login.png in Resources */,
				85A5C8A1171E84FB00003CC3 /* createHighlight.png in Resources */,
				8599F941172A683A00E9E42E /* plugin.proto in Resources */,
				8599F942172A683A00E9E42E /* descriptor.proto in Resources */,
			);
			runOnlyForDeploymentPostprocessing = 0;
		};
/* End PBXResourcesBuildPhase section */

/* Begin PBXSourcesBuildPhase section */
		D1D67F52171169D100460199 /* Sources */ = {
			isa = PBXSourcesBuildPhase;
			buildActionMask = 2147483647;
			files = (
				85D8CA3E172BD204005EACE9 /* BoardModel.h in Sources */,
				85D8CA3F172BD204005EACE9 /* MessageModel.h in Sources */,
				85D8CA40172BD204005EACE9 /* ServerDelegate.h in Sources */,
				85D8CA41172BD204005EACE9 /* message.pb.h in Sources */,
				85D8CA42172BD204005EACE9 /* common.h in Sources */,
				85D8CA43172BD204005EACE9 /* gflags.h in Sources */,
				85D8CA44172BD204005EACE9 /* gflags_completions.h in Sources */,
				85D8CA45172BD204005EACE9 /* code_generator.h in Sources */,
				85D8CA46172BD204005EACE9 /* command_line_interface.h in Sources */,
				85D8CA47172BD204005EACE9 /* cpp_generator.h in Sources */,
				85D8CA48172BD204005EACE9 /* importer.h in Sources */,
				85D8CA49172BD204005EACE9 /* java_generator.h in Sources */,
				85D8CA4A172BD204005EACE9 /* parser.h in Sources */,
				85D8CA4B172BD204005EACE9 /* plugin.h in Sources */,
				85D8CA4C172BD204005EACE9 /* plugin.pb.h in Sources */,
				85D8CA4D172BD204005EACE9 /* plugin.proto in Sources */,
				85D8CA4E172BD204005EACE9 /* python_generator.h in Sources */,
				85D8CA4F172BD204005EACE9 /* descriptor.h in Sources */,
				85D8CA50172BD204005EACE9 /* descriptor.pb.h in Sources */,
				85D8CA51172BD204005EACE9 /* descriptor.proto in Sources */,
				85D8CA52172BD204005EACE9 /* descriptor_database.h in Sources */,
				85D8CA53172BD204005EACE9 /* dynamic_message.h in Sources */,
				85D8CA54172BD204005EACE9 /* extension_set.h in Sources */,
				85D8CA55172BD204005EACE9 /* generated_message_reflection.h in Sources */,
				85D8CA56172BD204005EACE9 /* generated_message_util.h in Sources */,
				85D8CA57172BD204005EACE9 /* coded_stream.h in Sources */,
				85D8CA58172BD204005EACE9 /* gzip_stream.h in Sources */,
				85D8CA59172BD204005EACE9 /* printer.h in Sources */,
				85D8CA5A172BD204005EACE9 /* tokenizer.h in Sources */,
				85D8CA5B172BD204005EACE9 /* zero_copy_stream.h in Sources */,
				85D8CA5C172BD204005EACE9 /* zero_copy_stream_impl.h in Sources */,
				85D8CA5D172BD204005EACE9 /* zero_copy_stream_impl_lite.h in Sources */,
				85D8CA5E172BD204005EACE9 /* message.h in Sources */,
				85D8CA5F172BD204005EACE9 /* message_lite.h in Sources */,
				85D8CA60172BD204005EACE9 /* reflection_ops.h in Sources */,
				85D8CA61172BD204005EACE9 /* repeated_field.h in Sources */,
				85D8CA62172BD204005EACE9 /* service.h in Sources */,
				85D8CA63172BD204005EACE9 /* common.h in Sources */,
				85D8CA64172BD204005EACE9 /* once.h in Sources */,
				85D8CA65172BD204005EACE9 /* text_format.h in Sources */,
				85D8CA66172BD204005EACE9 /* unknown_field_set.h in Sources */,
				85D8CA67172BD204005EACE9 /* wire_format.h in Sources */,
				85D8CA68172BD204005EACE9 /* wire_format_lite.h in Sources */,
				85D8CA69172BD204005EACE9 /* wire_format_lite_inl.h in Sources */,
				85D8CA6A172BD204005EACE9 /* libprotobuf-lite.a in Sources */,
				85D8CA6B172BD204005EACE9 /* libprotobuf.a in Sources */,
				85D8CA6C172BD204005EACE9 /* ColorMaker.h in Sources */,
				85D8CA6D172BD204005EACE9 /* OperationQueue.h in Sources */,
				85D8CA6E172BD204005EACE9 /* Drawer.h in Sources */,
				85D8CA6F172BD204005EACE9 /* RefreshableList.h in Sources */,
				85D8CA70172BD204005EACE9 /* SnapshotList.h in Sources */,
				85D8CA71172BD204005EACE9 /* Canvas.h in Sources */,
				85D8CA72172BD204005EACE9 /* OwbClient-Prefix.pch in Sources */,
				85D8CA73172BD204005EACE9 /* OwbClient-Info.plist in Sources */,
				85D8CA74172BD204005EACE9 /* SVPullToRefresh.h in Sources */,
				85D8CA75172BD204005EACE9 /* UIScrollView+SVInfiniteScrolling.h in Sources */,
				85D8CA76172BD204005EACE9 /* UIScrollView+SVInfiniteScrolling.m in Sources */,
				85D8CA77172BD204005EACE9 /* UIScrollView+SVPullToRefresh.h in Sources */,
				85D8CA78172BD204005EACE9 /* UIScrollView+SVPullToRefresh.m in Sources */,
				85D8CA79172BD204005EACE9 /* CanvasViewController.h in Sources */,
				85D8CA7A172BD204005EACE9 /* CanvasViewController.mm in Sources */,
				85D8CA7B172BD204005EACE9 /* MoveScaleImageView.h in Sources */,
				85D8CA7C172BD204005EACE9 /* MoveScaleImageView.mm in Sources */,
				85D8CA7D172BD204005EACE9 /* SnapshotListViewController.h in Sources */,
				85D8CA7E172BD204005EACE9 /* SnapshotListViewController.mm in Sources */,
				85D8CA7F172BD204005EACE9 /* UserListViewController.h in Sources */,
				85D8CA80172BD204005EACE9 /* UserListViewController.mm in Sources */,
				85D8CA81172BD204005EACE9 /* MenuViewController.h in Sources */,
				85D8CA82172BD204005EACE9 /* MenuViewController.mm in Sources */,
				85D8CA83172BD204005EACE9 /* AppDelegate.h in Sources */,
				85D8CA84172BD204005EACE9 /* AppDelegate.mm in Sources */,
				85D8CA85172BD204005EACE9 /* HomeViewController.h in Sources */,
				85D8CA86172BD204005EACE9 /* HomeViewController.mm in Sources */,
				85D8CA87172BD204005EACE9 /* LoginViewController.h in Sources */,
				85D8CA88172BD204005EACE9 /* LoginViewController.mm in Sources */,
				85D8CA89172BD204005EACE9 /* MeetingCodeViewController.h in Sources */,
				85D8CA8A172BD204005EACE9 /* MeetingCodeViewController.mm in Sources */,
				85D8CA8B172BD204005EACE9 /* MainController.h in Sources */,
				85D8CA8C172BD204005EACE9 /* MainController.mm in Sources */,
				85D8CA8D172BD204005EACE9 /* HBController.h in Sources */,
				85D8CA8E172BD204005EACE9 /* HBController.mm in Sources */,
				85D8CA8F172BD204005EACE9 /* QueueSender.h in Sources */,
				85D8CA90172BD204005EACE9 /* QueueSender.mm in Sources */,
				85D8CA91172BD204005EACE9 /* background.jpg in Sources */,
				85D8CA92172BD204005EACE9 /* create.png in Sources */,
				85D8CA93172BD204005EACE9 /* createHighlight.png in Sources */,
				85D8CA94172BD204005EACE9 /* join.png in Sources */,
				85D8CA95172BD204005EACE9 /* login.png in Sources */,
				85D8CA96172BD204005EACE9 /* OwbCommon.h in Sources */,
				85D8CA97172BD204005EACE9 /* main.mm in Sources */,
				85D8CA98172BD204005EACE9 /* OwbClient.app in Sources */,
			);
			runOnlyForDeploymentPostprocessing = 0;
		};
/* End PBXSourcesBuildPhase section */

/* Begin PBXVariantGroup section */
		D12C927D17144E95005C3F37 /* InfoPlist.strings */ = {
			isa = PBXVariantGroup;
			children = (
				D12C927E17144E95005C3F37 /* en */,
			);
			name = InfoPlist.strings;
			path = SupportFiles;
			sourceTree = "<group>";
		};
/* End PBXVariantGroup section */

/* Begin XCBuildConfiguration section */
		D1D67F86171169D200460199 /* Debug */ = {
			isa = XCBuildConfiguration;
			buildSettings = {
				ALWAYS_SEARCH_USER_PATHS = NO;
				CLANG_CXX_LANGUAGE_STANDARD = "gnu++0x";
				CLANG_CXX_LIBRARY = "libc++";
				CLANG_ENABLE_OBJC_ARC = YES;
				CLANG_WARN_CONSTANT_CONVERSION = YES;
				CLANG_WARN_EMPTY_BODY = YES;
				CLANG_WARN_ENUM_CONVERSION = YES;
				CLANG_WARN_INT_CONVERSION = YES;
				CLANG_WARN__DUPLICATE_METHOD_MATCH = YES;
				"CODE_SIGN_IDENTITY[sdk=iphoneos*]" = "iPhone Developer";
				COPY_PHASE_STRIP = NO;
				GCC_C_LANGUAGE_STANDARD = gnu99;
				GCC_DYNAMIC_NO_PIC = NO;
				GCC_OPTIMIZATION_LEVEL = 0;
				GCC_PREPROCESSOR_DEFINITIONS = (
					"DEBUG=1",
					"$(inherited)",
				);
				GCC_SYMBOLS_PRIVATE_EXTERN = NO;
				GCC_WARN_ABOUT_RETURN_TYPE = YES;
				GCC_WARN_UNINITIALIZED_AUTOS = YES;
				GCC_WARN_UNUSED_VARIABLE = YES;
				"HEADER_SEARCH_PATHS[arch=*]" = (
					"/Users/xujack/OWBClient/OwbClient/OwbClientLib/ThridParty/protobuf/include/**",
					"/Users/xujack/OWBClient/OwbClient/OwbClientLib/ThridParty/glog/include/**",
					"/Users/xujack/OWBClient/OwbClient/OwbClientLib/ThridParty/gflags/include/**",
					"/Users/xujack/OWBClient/OwbClient/OwbClientLib/ThridParty/RCF-2.0.0.2679/include/**",
					"/opt/local/include/**",
				);
				IPHONEOS_DEPLOYMENT_TARGET = 6.1;
				ONLY_ACTIVE_ARCH = YES;
				SDKROOT = iphoneos;
				TARGETED_DEVICE_FAMILY = 2;
				VALID_ARCHS = "armv6 armv7 i386";
			};
			name = Debug;
		};
		D1D67F87171169D200460199 /* Release */ = {
			isa = XCBuildConfiguration;
			buildSettings = {
				ALWAYS_SEARCH_USER_PATHS = NO;
				CLANG_CXX_LANGUAGE_STANDARD = "gnu++0x";
				CLANG_CXX_LIBRARY = "libc++";
				CLANG_ENABLE_OBJC_ARC = YES;
				CLANG_WARN_CONSTANT_CONVERSION = YES;
				CLANG_WARN_EMPTY_BODY = YES;
				CLANG_WARN_ENUM_CONVERSION = YES;
				CLANG_WARN_INT_CONVERSION = YES;
				CLANG_WARN__DUPLICATE_METHOD_MATCH = YES;
				"CODE_SIGN_IDENTITY[sdk=iphoneos*]" = "iPhone Developer";
				COPY_PHASE_STRIP = YES;
				GCC_C_LANGUAGE_STANDARD = gnu99;
				GCC_WARN_ABOUT_RETURN_TYPE = YES;
				GCC_WARN_UNINITIALIZED_AUTOS = YES;
				GCC_WARN_UNUSED_VARIABLE = YES;
				"HEADER_SEARCH_PATHS[arch=*]" = (
					"/Users/xujack/OWBClient/OwbClient/OwbClientLib/ThridParty/protobuf/include/**",
					"/Users/xujack/OWBClient/OwbClient/OwbClientLib/ThridParty/glog/include/**",
					"/Users/xujack/OWBClient/OwbClient/OwbClientLib/ThridParty/gflags/include/**",
					"/Users/xujack/OWBClient/OwbClient/OwbClientLib/ThridParty/RCF-2.0.0.2679/include/**",
					"/opt/local/include/**",
				);
				IPHONEOS_DEPLOYMENT_TARGET = 6.1;
				OTHER_CFLAGS = "-DNS_BLOCK_ASSERTIONS=1";
				SDKROOT = iphoneos;
				TARGETED_DEVICE_FAMILY = 2;
				VALIDATE_PRODUCT = YES;
				VALID_ARCHS = "armv6 armv7 i386";
			};
			name = Release;
		};
		D1D67F89171169D200460199 /* Debug */ = {
			isa = XCBuildConfiguration;
			buildSettings = {
				ALWAYS_SEARCH_USER_PATHS = YES;
				CLANG_CXX_LANGUAGE_STANDARD = "c++0x";
				CLANG_CXX_LIBRARY = "libc++";
				"FRAMEWORK_SEARCH_PATHS[arch=*]" = "\"$(SRCROOT)/OwbClient/OwbClientLib\"/**";
				GCC_INPUT_FILETYPE = sourcecode.cpp.objcpp;
				GCC_PRECOMPILE_PREFIX_HEADER = YES;
				GCC_PREFIX_HEADER = "OwbClient/OwbClient-Prefix.pch";
				GCC_VERSION = com.apple.compilers.llvm.clang.1_0;
				"HEADER_SEARCH_PATHS[arch=*]" = "/opt/local/include/**";
				INFOPLIST_FILE = "OwbClient/OwbClient-Info.plist";
				IPHONEOS_DEPLOYMENT_TARGET = 5.1;
				LIBRARY_SEARCH_PATHS = (
					"$(inherited)",
					"\"$(SRCROOT)/OwbClient/OwbClientLib/ThridParty/protobuf/lib\"/**",
					"\"$(SRCROOT)/OwbClient/OwbClientLib\"/**",
				);
				ONLY_ACTIVE_ARCH = NO;
				PRODUCT_NAME = "$(TARGET_NAME)";
				VALID_ARCHS = "armv6 armv7 i386";
				WRAPPER_EXTENSION = app;
			};
			name = Debug;
		};
		D1D67F8A171169D200460199 /* Release */ = {
			isa = XCBuildConfiguration;
			buildSettings = {
				ALWAYS_SEARCH_USER_PATHS = YES;
				CLANG_CXX_LANGUAGE_STANDARD = "c++0x";
				CLANG_CXX_LIBRARY = "libc++";
				GCC_INPUT_FILETYPE = sourcecode.cpp.objcpp;
				GCC_PRECOMPILE_PREFIX_HEADER = YES;
				GCC_PREFIX_HEADER = "OwbClient/OwbClient-Prefix.pch";
				GCC_VERSION = com.apple.compilers.llvm.clang.1_0;
				"HEADER_SEARCH_PATHS[arch=*]" = (
					"$(SRCROOT)/OWBClient/OwbClient/OwbClientLib/ThridParty/protobuf/include",
					"$(SRCROOT)/OWBClient/OwbClient/OwbClientLib/ThridParty/RCF-2.0.0.2679/include",
					/opt/local/include,
				);
				INFOPLIST_FILE = "OwbClient/OwbClient-Info.plist";
				IPHONEOS_DEPLOYMENT_TARGET = 5.1;
				LIBRARY_SEARCH_PATHS = (
					"$(inherited)",
					"\"$(SRCROOT)/OwbClient/OwbClientLib/ThridParty/gflags/lib\"",
					"\"$(SRCROOT)/OwbClient/OwbClientLib/ThridParty/glog/lib\"",
					"\"$(SRCROOT)/OwbClient/OwbClientLib/ThridParty/gmock/lib\"",
					"\"$(SRCROOT)/OwbClient/OwbClientLib/ThridParty/gtest/lib\"",
					"\"$(SRCROOT)/OwbClient/OwbClientLib/ThridParty/protobuf/lib\"/**",
					"\"$(SRCROOT)/OwbClient/OwbClientLib\"/**",
				);
				PRODUCT_NAME = "$(TARGET_NAME)";
				VALID_ARCHS = "armv6 armv7 i386";
				WRAPPER_EXTENSION = app;
			};
			name = Release;
		};
/* End XCBuildConfiguration section */

/* Begin XCConfigurationList section */
		D1D67F51171169D100460199 /* Build configuration list for PBXProject "OwbClient" */ = {
			isa = XCConfigurationList;
			buildConfigurations = (
				D1D67F86171169D200460199 /* Debug */,
				D1D67F87171169D200460199 /* Release */,
			);
			defaultConfigurationIsVisible = 0;
			defaultConfigurationName = Release;
		};
		D1D67F88171169D200460199 /* Build configuration list for PBXNativeTarget "OwbClient" */ = {
			isa = XCConfigurationList;
			buildConfigurations = (
				D1D67F89171169D200460199 /* Debug */,
				D1D67F8A171169D200460199 /* Release */,
			);
			defaultConfigurationIsVisible = 0;
			defaultConfigurationName = Release;
		};
/* End XCConfigurationList section */
	};
	rootObject = D1D67F4E171169D100460199 /* Project object */;
}
